<?xml version="1.0" encoding="utf-8"?>
<Project ToolsVersion="4.0" xmlns="http://schemas.microsoft.com/developer/msbuild/2003">
  <ItemGroup>
    <Filter Include="Source Files">
      <UniqueIdentifier>{4FC737F1-C7A5-4376-A066-2A32D752A2FF}</UniqueIdentifier>
      <Extensions>cpp;c;cc;cxx;c++;def;odl;idl;hpj;bat;asm;asmx</Extensions>
    </Filter>
    <Filter Include="Header Files">
      <UniqueIdentifier>{93995380-89BD-4b04-88EB-625FBE52EBFB}</UniqueIdentifier>
      <Extensions>h;hh;hpp;hxx;h++;hm;inl;inc;ipp;xsd</Extensions>
    </Filter>
    <Filter Include="Resource Files">
      <UniqueIdentifier>{67DA6AB6-F800-4c08-8B7A-83BB121AAD01}</UniqueIdentifier>
      <Extensions>rc;ico;cur;bmp;dlg;rc2;rct;bin;rgs;gif;jpg;jpeg;jpe;resx;tiff;tif;png;wav;mfcribbon-ms</Extensions>
    </Filter>
  </ItemGroup>
  <ItemGroup>
    <ClCompile Include="main.cpp">
      <Filter>Source Files</Filter>
    </ClCompile>
    <ClCompile Include="sqlite3.c">
      <Filter>Source Files</Filter>
    </ClCompile>
  </ItemGroup>
  <ItemGroup>
    <ClInclude Include="windows_sdk.h">
      <Filter>Header Files</Filter>
    </ClInclude>
    <ClInclude Include="unCap_Math.h">
      <Filter>Header Files</Filter>
    </ClInclude>
    <ClInclude Include="unCap_Vector.h">
      <Filter>Header Files</Filter>
    </ClInclude>
    <ClInclude Include="windows_msg_mapper.h">
      <Filter>Header Files</Filter>
    </ClInclude>
    <ClInclude Include="unCap_Reflection.h">
      <Filter>Header Files</Filter>
    </ClInclude>
    <ClInclude Include="unCap_Serialization.h">
      <Filter>Header Files</Filter>
    </ClInclude>
    <ClInclude Include="LANGUAGE_MANAGER.h">
      <Filter>Header Files</Filter>
    </ClInclude>
    <ClInclude Include="sqlite3.h">
      <Filter>Header Files</Filter>
    </ClInclude>
    <ClInclude Include="lang.h">
      <Filter>Header Files</Filter>
    </ClInclude>
    <ClInclude Include="img.h">
      <Filter>Header Files</Filter>
    </ClInclude>
    <ClInclude Include="resource.h">
      <Filter>Header Files</Filter>
    </ClInclude>
    <ClInclude Include="win32_static_oneline.h">
      <Filter>Header Files</Filter>
    </ClInclude>
    <ClInclude Include="win32_graph.h">
      <Filter>Header Files</Filter>
    </ClInclude>
    <ClInclude Include="win32_gridview.h">
      <Filter>Header Files</Filter>
    </ClInclude>
    <ClInclude Include="win32_Platform.h">
      <Filter>Header Files</Filter>
    </ClInclude>
    <ClInclude Include="win32_Helpers.h">
      <Filter>Header Files</Filter>
    </ClInclude>
    <ClInclude Include="win32_button.h">
      <Filter>Header Files</Filter>
    </ClInclude>
    <ClInclude Include="win32_edit_oneline.h">
      <Filter>Header Files</Filter>
    </ClInclude>
    <ClInclude Include="win32_nonclient.h">
      <Filter>Header Files</Filter>
    </ClInclude>
    <ClInclude Include="win32_Renderer.h">
      <Filter>Header Files</Filter>
    </ClInclude>
    <ClInclude Include="win32_score.h">
      <Filter>Header Files</Filter>
    </ClInclude>
    <ClInclude Include="win32_searchbox.h">
      <Filter>Header Files</Filter>
    </ClInclude>
    <ClInclude Include="win32_listbox.h">
      <Filter>Header Files</Filter>
    </ClInclude>
    <ClInclude Include="win32_printmsg.h">
      <Filter>Header Files</Filter>
    </ClInclude>
    <ClInclude Include="win32_page.h">
      <Filter>Header Files</Filter>
    </ClInclude>
    <ClInclude Include="win32_Global.h">
      <Filter>Header Files</Filter>
    </ClInclude>
    <ClInclude Include="win32_multibutton.h">
      <Filter>Header Files</Filter>
    </ClInclude>
    <ClInclude Include="win32_paint.h">
      <Filter>Header Files</Filter>
    </ClInclude>
    <ClInclude Include="win32_Char.h">
      <Filter>Header Files</Filter>
    </ClInclude>
    <ClInclude Include="win32_べんきょう.h">
      <Filter>Header Files</Filter>
    </ClInclude>
    <ClInclude Include="win32_navbar.h">
      <Filter>Header Files</Filter>
    </ClInclude>
    <ClInclude Include="win32_べんきょう_db.h">
      <Filter>Header Files</Filter>
    </ClInclude>
    <ClInclude Include="windows_extra_msgs.h">
      <Filter>Header Files</Filter>
    </ClInclude>
    <ClInclude Include="win32_combobox_subclass.h">
      <Filter>Header Files</Filter>
    </ClInclude>
    <ClInclude Include="win32_combobox.h">
      <Filter>Header Files</Filter>
    </ClInclude>
  </ItemGroup>
  <ItemGroup>
    <ResourceCompile Include="resource.rc">
      <Filter>Resource Files</Filter>
    </ResourceCompile>
  </ItemGroup>
  <ItemGroup>
    <Image Include="..\assets\logo.ico">
      <Filter>Resource Files</Filter>
    </Image>
  </ItemGroup>
</Project>